
Microsoft Visual Studio Solution File, Format Version 12.00
# Visual Studio 15
VisualStudioVersion = 15.0.28307.572
MinimumVisualStudioVersion = 10.0.40219.1
Project("{FAE04EC0-301F-11D3-BF4B-00C04F79EFBC}") = "6.4", "6.4\6.4.csproj", "{497B97F0-9F47-48F6-AD17-080E8F02E78E}"
EndProject
Global
	GlobalSection(SolutionConfigurationPlatforms) = preSolution
		Debug|Any CPU = Debug|Any CPU
		Release|Any CPU = Release|Any CPU
	EndGlobalSection
	GlobalSection(ProjectConfigurationPlatforms) = postSolution
		{497B97F0-9F47-48F6-AD17-080E8F02E78E}.Debug|Any CPU.ActiveCfg = Debug|Any CPU
		{497B97F0-9F47-48F6-AD17-080E8F02E78E}.Debug|Any CPU.Build.0 = Debug|Any CPU
		{497B97F0-9F47-48F6-AD17-080E8F02E78E}.Release|Any CPU.ActiveCfg = Release|Any CPU
		{497B97F0-9F47-48F6-AD17-080E8F02E78E}.Release|Any CPU.Build.0 = Release|Any CPU
	EndGlobalSection
	GlobalSection(SolutionProperties) = preSolution
		HideSolutionNode = FALSE
	EndGlobalSection
	GlobalSection(ExtensibilityGlobals) = postSolution
		SolutionGuid = {E289B175-192E-4C15-AFEB-E5C895D530D0}
	EndGlobalSection
EndGlobal
