
Microsoft Visual Studio Solution File, Format Version 12.00
# Visual Studio 15
VisualStudioVersion = 15.0.28307.572
MinimumVisualStudioVersion = 10.0.40219.1
Project("{FAE04EC0-301F-11D3-BF4B-00C04F79EFBC}") = "6.3", "6.3\6.3.csproj", "{18B9FA35-28C4-47C8-B387-84911E854CBD}"
EndProject
Global
	GlobalSection(SolutionConfigurationPlatforms) = preSolution
		Debug|Any CPU = Debug|Any CPU
		Release|Any CPU = Release|Any CPU
	EndGlobalSection
	GlobalSection(ProjectConfigurationPlatforms) = postSolution
		{18B9FA35-28C4-47C8-B387-84911E854CBD}.Debug|Any CPU.ActiveCfg = Debug|Any CPU
		{18B9FA35-28C4-47C8-B387-84911E854CBD}.Debug|Any CPU.Build.0 = Debug|Any CPU
		{18B9FA35-28C4-47C8-B387-84911E854CBD}.Release|Any CPU.ActiveCfg = Release|Any CPU
		{18B9FA35-28C4-47C8-B387-84911E854CBD}.Release|Any CPU.Build.0 = Release|Any CPU
	EndGlobalSection
	GlobalSection(SolutionProperties) = preSolution
		HideSolutionNode = FALSE
	EndGlobalSection
	GlobalSection(ExtensibilityGlobals) = postSolution
		SolutionGuid = {53F4806E-B812-4808-9A11-ED3FA9EE101D}
	EndGlobalSection
EndGlobal
