
Microsoft Visual Studio Solution File, Format Version 12.00
# Visual Studio 15
VisualStudioVersion = 15.0.28307.572
MinimumVisualStudioVersion = 10.0.40219.1
Project("{FAE04EC0-301F-11D3-BF4B-00C04F79EFBC}") = "7.6", "7.6\7.6.csproj", "{8FE36BBA-CE7F-4992-8765-86BCBF0C0390}"
EndProject
Global
	GlobalSection(SolutionConfigurationPlatforms) = preSolution
		Debug|Any CPU = Debug|Any CPU
		Release|Any CPU = Release|Any CPU
	EndGlobalSection
	GlobalSection(ProjectConfigurationPlatforms) = postSolution
		{8FE36BBA-CE7F-4992-8765-86BCBF0C0390}.Debug|Any CPU.ActiveCfg = Debug|Any CPU
		{8FE36BBA-CE7F-4992-8765-86BCBF0C0390}.Debug|Any CPU.Build.0 = Debug|Any CPU
		{8FE36BBA-CE7F-4992-8765-86BCBF0C0390}.Release|Any CPU.ActiveCfg = Release|Any CPU
		{8FE36BBA-CE7F-4992-8765-86BCBF0C0390}.Release|Any CPU.Build.0 = Release|Any CPU
	EndGlobalSection
	GlobalSection(SolutionProperties) = preSolution
		HideSolutionNode = FALSE
	EndGlobalSection
	GlobalSection(ExtensibilityGlobals) = postSolution
		SolutionGuid = {FBAE134F-3241-4124-9B8F-12793EFDCA44}
	EndGlobalSection
EndGlobal
