
Microsoft Visual Studio Solution File, Format Version 12.00
# Visual Studio 15
VisualStudioVersion = 15.0.28307.645
MinimumVisualStudioVersion = 10.0.40219.1
Project("{FAE04EC0-301F-11D3-BF4B-00C04F79EFBC}") = "Opdracht3", "Opdracht3\Opdracht3.csproj", "{EFC77C56-7A81-4CB6-9409-732CE36B8705}"
EndProject
Global
	GlobalSection(SolutionConfigurationPlatforms) = preSolution
		Debug|Any CPU = Debug|Any CPU
		Release|Any CPU = Release|Any CPU
	EndGlobalSection
	GlobalSection(ProjectConfigurationPlatforms) = postSolution
		{EFC77C56-7A81-4CB6-9409-732CE36B8705}.Debug|Any CPU.ActiveCfg = Debug|Any CPU
		{EFC77C56-7A81-4CB6-9409-732CE36B8705}.Debug|Any CPU.Build.0 = Debug|Any CPU
		{EFC77C56-7A81-4CB6-9409-732CE36B8705}.Release|Any CPU.ActiveCfg = Release|Any CPU
		{EFC77C56-7A81-4CB6-9409-732CE36B8705}.Release|Any CPU.Build.0 = Release|Any CPU
	EndGlobalSection
	GlobalSection(SolutionProperties) = preSolution
		HideSolutionNode = FALSE
	EndGlobalSection
	GlobalSection(ExtensibilityGlobals) = postSolution
		SolutionGuid = {EFA76380-B2CD-42F6-8B92-7819972DB1B3}
	EndGlobalSection
EndGlobal
