
Microsoft Visual Studio Solution File, Format Version 12.00
# Visual Studio 15
VisualStudioVersion = 15.0.28307.645
MinimumVisualStudioVersion = 10.0.40219.1
Project("{FAE04EC0-301F-11D3-BF4B-00C04F79EFBC}") = "Opgave5.1", "Opgave5.1\Opgave5.1.csproj", "{BC981092-0528-432F-B0AA-750A9DE66401}"
EndProject
Global
	GlobalSection(SolutionConfigurationPlatforms) = preSolution
		Debug|Any CPU = Debug|Any CPU
		Release|Any CPU = Release|Any CPU
	EndGlobalSection
	GlobalSection(ProjectConfigurationPlatforms) = postSolution
		{BC981092-0528-432F-B0AA-750A9DE66401}.Debug|Any CPU.ActiveCfg = Debug|Any CPU
		{BC981092-0528-432F-B0AA-750A9DE66401}.Debug|Any CPU.Build.0 = Debug|Any CPU
		{BC981092-0528-432F-B0AA-750A9DE66401}.Release|Any CPU.ActiveCfg = Release|Any CPU
		{BC981092-0528-432F-B0AA-750A9DE66401}.Release|Any CPU.Build.0 = Release|Any CPU
	EndGlobalSection
	GlobalSection(SolutionProperties) = preSolution
		HideSolutionNode = FALSE
	EndGlobalSection
	GlobalSection(ExtensibilityGlobals) = postSolution
		SolutionGuid = {DEE76C7A-4A40-45CD-8798-E0B193B8AAAD}
	EndGlobalSection
EndGlobal
