
Microsoft Visual Studio Solution File, Format Version 12.00
# Visual Studio 15
VisualStudioVersion = 15.0.28307.572
MinimumVisualStudioVersion = 10.0.40219.1
Project("{FAE04EC0-301F-11D3-BF4B-00C04F79EFBC}") = "Temperatuur", "Temperatuur\Temperatuur.csproj", "{21D92BF6-D491-4F3E-9E40-2AAA6C0AF92E}"
EndProject
Global
	GlobalSection(SolutionConfigurationPlatforms) = preSolution
		Debug|Any CPU = Debug|Any CPU
		Release|Any CPU = Release|Any CPU
	EndGlobalSection
	GlobalSection(ProjectConfigurationPlatforms) = postSolution
		{21D92BF6-D491-4F3E-9E40-2AAA6C0AF92E}.Debug|Any CPU.ActiveCfg = Debug|Any CPU
		{21D92BF6-D491-4F3E-9E40-2AAA6C0AF92E}.Debug|Any CPU.Build.0 = Debug|Any CPU
		{21D92BF6-D491-4F3E-9E40-2AAA6C0AF92E}.Release|Any CPU.ActiveCfg = Release|Any CPU
		{21D92BF6-D491-4F3E-9E40-2AAA6C0AF92E}.Release|Any CPU.Build.0 = Release|Any CPU
	EndGlobalSection
	GlobalSection(SolutionProperties) = preSolution
		HideSolutionNode = FALSE
	EndGlobalSection
	GlobalSection(ExtensibilityGlobals) = postSolution
		SolutionGuid = {0C9B4332-9A58-4A1F-AC3F-3D8CFB2912C6}
	EndGlobalSection
EndGlobal
