
Microsoft Visual Studio Solution File, Format Version 12.00
# Visual Studio 15
VisualStudioVersion = 15.0.28307.645
MinimumVisualStudioVersion = 10.0.40219.1
Project("{FAE04EC0-301F-11D3-BF4B-00C04F79EFBC}") = "opdracht5.3", "opdracht5.3\opdracht5.3.csproj", "{044505A8-62A0-4253-A445-7F8E448EF8C7}"
EndProject
Global
	GlobalSection(SolutionConfigurationPlatforms) = preSolution
		Debug|Any CPU = Debug|Any CPU
		Release|Any CPU = Release|Any CPU
	EndGlobalSection
	GlobalSection(ProjectConfigurationPlatforms) = postSolution
		{044505A8-62A0-4253-A445-7F8E448EF8C7}.Debug|Any CPU.ActiveCfg = Debug|Any CPU
		{044505A8-62A0-4253-A445-7F8E448EF8C7}.Debug|Any CPU.Build.0 = Debug|Any CPU
		{044505A8-62A0-4253-A445-7F8E448EF8C7}.Release|Any CPU.ActiveCfg = Release|Any CPU
		{044505A8-62A0-4253-A445-7F8E448EF8C7}.Release|Any CPU.Build.0 = Release|Any CPU
	EndGlobalSection
	GlobalSection(SolutionProperties) = preSolution
		HideSolutionNode = FALSE
	EndGlobalSection
	GlobalSection(ExtensibilityGlobals) = postSolution
		SolutionGuid = {C07EC5BC-7E0F-4B3F-B81C-78E2E6E7D662}
	EndGlobalSection
EndGlobal
