
Microsoft Visual Studio Solution File, Format Version 12.00
# Visual Studio 15
VisualStudioVersion = 15.0.28307.645
MinimumVisualStudioVersion = 10.0.40219.1
Project("{FAE04EC0-301F-11D3-BF4B-00C04F79EFBC}") = "Opgave2", "Opgave2\Opgave2.csproj", "{05FEFAB9-959E-4E29-8728-C9F5C1FDDB08}"
EndProject
Global
	GlobalSection(SolutionConfigurationPlatforms) = preSolution
		Debug|Any CPU = Debug|Any CPU
		Release|Any CPU = Release|Any CPU
	EndGlobalSection
	GlobalSection(ProjectConfigurationPlatforms) = postSolution
		{05FEFAB9-959E-4E29-8728-C9F5C1FDDB08}.Debug|Any CPU.ActiveCfg = Debug|Any CPU
		{05FEFAB9-959E-4E29-8728-C9F5C1FDDB08}.Debug|Any CPU.Build.0 = Debug|Any CPU
		{05FEFAB9-959E-4E29-8728-C9F5C1FDDB08}.Release|Any CPU.ActiveCfg = Release|Any CPU
		{05FEFAB9-959E-4E29-8728-C9F5C1FDDB08}.Release|Any CPU.Build.0 = Release|Any CPU
	EndGlobalSection
	GlobalSection(SolutionProperties) = preSolution
		HideSolutionNode = FALSE
	EndGlobalSection
	GlobalSection(ExtensibilityGlobals) = postSolution
		SolutionGuid = {2829C061-6235-4432-88AC-2534604B3CFB}
	EndGlobalSection
EndGlobal
