
Microsoft Visual Studio Solution File, Format Version 12.00
# Visual Studio 15
VisualStudioVersion = 15.0.28307.645
MinimumVisualStudioVersion = 10.0.40219.1
Project("{FAE04EC0-301F-11D3-BF4B-00C04F79EFBC}") = "opdracht5.4", "opdracht5.4\opdracht5.4.csproj", "{2611A794-302B-401F-AB33-11734ADFCBC4}"
EndProject
Global
	GlobalSection(SolutionConfigurationPlatforms) = preSolution
		Debug|Any CPU = Debug|Any CPU
		Release|Any CPU = Release|Any CPU
	EndGlobalSection
	GlobalSection(ProjectConfigurationPlatforms) = postSolution
		{2611A794-302B-401F-AB33-11734ADFCBC4}.Debug|Any CPU.ActiveCfg = Debug|Any CPU
		{2611A794-302B-401F-AB33-11734ADFCBC4}.Debug|Any CPU.Build.0 = Debug|Any CPU
		{2611A794-302B-401F-AB33-11734ADFCBC4}.Release|Any CPU.ActiveCfg = Release|Any CPU
		{2611A794-302B-401F-AB33-11734ADFCBC4}.Release|Any CPU.Build.0 = Release|Any CPU
	EndGlobalSection
	GlobalSection(SolutionProperties) = preSolution
		HideSolutionNode = FALSE
	EndGlobalSection
	GlobalSection(ExtensibilityGlobals) = postSolution
		SolutionGuid = {03C128CB-C44F-4DF6-8800-5FF2B0E2CF49}
	EndGlobalSection
EndGlobal
